NeoBundleLock Lucius 7ed02d3e4a8f2cfeda03ac67cf6879098cbc068a
NeoBundleLock Zenburn 33e67af2418e4775c2a7abc6e8fef401e697e1eb
NeoBundleLock jedi-vim f95ac1e8e0a08c2d4a049519433d48fb07453e29
NeoBundleLock jellybeans.vim 10d8262868b94fabe15fbb010f4a68c169c8e942
NeoBundleLock molokai c67bdfcdb31415aa0ade7f8c003261700a885476
NeoBundleLock mrkn256.vim 2b70ac8cf87e1919f7cfda3b0daa964661c47265
NeoBundleLock mustang-vim 6533d7d21bf27cae94d9c2caa575f627f003dfd5
NeoBundleLock neobundle.vim 30c40ccbfc6371fb922eece6e0657eb5da9e479b
NeoBundleLock neocomplete.vim 38f6f183edc665b8c9f52dd1546dae2c4cc7e29c
NeoBundleLock neosnippet bd22f4ed56b8a8a1643a8fa1a70882a4eb4d43cf
NeoBundleLock neosnippet-snippets 34dec3c984bcae52a871d6d0954030cb23802305
NeoBundleLock syntastic cdfb64db6711f8df6937d368cff75c7213505fe2
NeoBundleLock unite-colorscheme 505157450fe1a967c6c044d3bfe18d896e3d5d08
NeoBundleLock unite-outline 1950ac514ba20409fd517c52a7102526ad8e16af
NeoBundleLock unite.vim 9696ff5c8c74a328ee7e02b512e0718fc08bf080
NeoBundleLock vim-colors-solarized 528a59f26d12278698bb946f8fb82a63711eec21
NeoBundleLock vim-colors-wombat fb44c8db8563946de191b1856e3cfffe0cdb622d
NeoBundleLock vim-operator-replace 1345a556a321a092716e149d4765a5e17c0e9f0f
NeoBundleLock vim-operator-surround 521afdce16dc94e3994d52526b4483a0b5a7ec34
NeoBundleLock vim-operator-user c3dfd41c1ed516b4b901c97562e644de62c367aa
NeoBundleLock vim-pyte a1071f30656b26645b69f59e1e05257829a39620
NeoBundleLock vim-python-pep8-indent 10228215c76da4004b5ac4b60cfdf94682ea6e22
NeoBundleLock vim-quickrun 5149ecd1502b7fc2583cb8799ac1a0c72c41f828
NeoBundleLock vim-railscasts-theme 826e17cc7a7fdc1aef16b9ddfaf271b51fc2e0a8
NeoBundleLock vim-smartinput 78ab4b3df24fa2753d3dfc1be75ed5a3df1565b8
NeoBundleLock vim-textobj-indent deb76867c302f933c8f21753806cbf2d8461b548
NeoBundleLock vim-textobj-python 6f52c83866301f71516b13f329a4dd7e05c2b171
NeoBundleLock vim-textobj-user a3054162c09bcf732624f43ddacbd85dad09713b
NeoBundleLock vim-virtualenv c68ac2107f11ffcec2b9e9e89813bed93094d0cb
